{
  "name": "2-time-lock-puzzle",
  "version": "1.0.0",
  "lockfileVersion": 3,
  "requires": true,
  "packages": {
    "": {
      "name": "2-time-lock-puzzle",
      "version": "1.0.0",
      "license": "ISC",
      "dependencies": {
        "crypto-puzzle": "^5.0.2"
      }
    },
    "node_modules/bigint-encoding": {
      "version": "1.0.0",
      "resolved": "https://registry.npmjs.org/bigint-encoding/-/bigint-encoding-1.0.0.tgz",
      "integrity": "sha512-pywR3u1wUYBtlFtjXDOh/6esgTUEWIOwuZ0toeCIImqfbQoZ47zs4yOo1JAc5rCgwjaIey795gM/TrOfPbzXZQ=="
    },
    "node_modules/crypto-miller-rabin": {
      "version": "1.0.0",
      "resolved": "https://registry.npmjs.org/crypto-miller-rabin/-/crypto-miller-rabin-1.0.0.tgz",
      "integrity": "sha512-OKUnjPIIts5OFn8eZnnBkpdAWe9NL6S4LnTsJ8ACHz/dqbwTPpXWswDcah/yP0obCwNFUqvTts5sqkRSWLU5Pg==",
      "dependencies": {
        "crypto-random-in-range": "^2.0.0",
        "fast-mod-exp": "^1.0.0"
      }
    },
    "node_modules/crypto-pbkdf2-hmac": {
      "version": "2.2.1",
      "resolved": "https://registry.npmjs.org/crypto-pbkdf2-hmac/-/crypto-pbkdf2-hmac-2.2.1.tgz",
      "integrity": "sha512-cYL8tWLDbqfzlYUSy6vBUFj4rI9QJxBnE9dA+gunbyRyGw3qLQfiYNQsSWf/xxnzQ5BU6kaZPHeRvDPOMM26RQ==",
      "dependencies": {
        "tiny-webcrypto": "^1.0.1",
        "uint8-to-hex": "^2.0.0"
      }
    },
    "node_modules/crypto-puzzle": {
      "version": "5.0.2",
      "resolved": "https://registry.npmjs.org/crypto-puzzle/-/crypto-puzzle-5.0.2.tgz",
      "integrity": "sha512-UgJBEkd7WMXqrEEbEuRZ6Yje3pO6iy97sauf5o8MGjhiC4Io+o+NihRbv+AA4oE0oi+dzhIaybwPlibXKnO5dg==",
      "dependencies": {
        "bigint-encoding": "^1.0.0",
        "crypto-random-in-range": "^2.0.0",
        "crypto-random-prime": "^1.0.0",
        "crypto-random-uint8": "^2.0.0",
        "crypto-sha": "^2.1.0",
        "fast-mod-exp": "^1.0.0",
        "int32-encoding": "^1.0.0",
        "tiny-encryptor": "^1.0.0",
        "uint8-concat": "^1.0.0",
        "uint8-encoding": "^2.0.0"
      }
    },
    "node_modules/crypto-random-bigint": {
      "version": "2.1.0",
      "resolved": "https://registry.npmjs.org/crypto-random-bigint/-/crypto-random-bigint-2.1.0.tgz",
      "integrity": "sha512-g63bcqflSF6kWgV8Qgp8S8rmSCSPpltxTL3KbZvyvbQzQJwyKqjOD21JnQpDKVyc9mG2DlNRyXGnUZ7RrdmPeQ==",
      "dependencies": {
        "uint-rng": "^1.1.0"
      }
    },
    "node_modules/crypto-random-in-range": {
      "version": "2.0.0",
      "resolved": "https://registry.npmjs.org/crypto-random-in-range/-/crypto-random-in-range-2.0.0.tgz",
      "integrity": "sha512-JAVbMtxbBAmbReoaAJ3VqFrJvXOgIwhniwFhzuoix54HajU2DDvW+3jGXjzdHTb9njTSW0Fr6f722HYwk3pvHg==",
      "dependencies": {
        "crypto-random-bigint": "^2.0.0"
      }
    },
    "node_modules/crypto-random-prime": {
      "version": "1.0.0",
      "resolved": "https://registry.npmjs.org/crypto-random-prime/-/crypto-random-prime-1.0.0.tgz",
      "integrity": "sha512-doJlX9nosDzKB3WBhtPDGlLqpXNCdrYmkcAP/2pYVnk618fvioqsjtfeiIzKUVlr61LN0jXzh/k4xQJKvw7c5A==",
      "dependencies": {
        "crypto-miller-rabin": "^1.0.0",
        "crypto-random-bigint": "^2.1.0"
      }
    },
    "node_modules/crypto-random-uint8": {
      "version": "2.0.0",
      "resolved": "https://registry.npmjs.org/crypto-random-uint8/-/crypto-random-uint8-2.0.0.tgz",
      "integrity": "sha512-f+8cs69h8slhuUgikcjhIQAvEdAi5zfd/ZsIufZpLwaUsXoYFE25dHfFu4vLPlj69xAaEhWtZESySLN/lx5miw==",
      "dependencies": {
        "tiny-webcrypto": "^1.0.1"
      }
    },
    "node_modules/crypto-sha": {
      "version": "2.1.0",
      "resolved": "https://registry.npmjs.org/crypto-sha/-/crypto-sha-2.1.0.tgz",
      "integrity": "sha512-7lPgPbSt8nuQ/cTjpa2TTYu58c/lpqJMSYrQgSkJKln8bENOcVVAi7oqz5mc7wIkM1TCRduO6Lr868imRwzX5w==",
      "dependencies": {
        "tiny-webcrypto": "^1.0.1",
        "uint8-to-hex": "^2.0.0"
      }
    },
    "node_modules/fast-mod-exp": {
      "version": "1.0.0",
      "resolved": "https://registry.npmjs.org/fast-mod-exp/-/fast-mod-exp-1.0.0.tgz",
      "integrity": "sha512-5dRGOCjtUma31Ehx41jtqkGmGFZ9iU0V/jwu4w4NnoK5sG0Sz+TKTxy4/5/OLeSk9PzL157uq3AO4Oed1fsh5w=="
    },
    "node_modules/hex-encoding": {
      "version": "2.0.2",
      "resolved": "https://registry.npmjs.org/hex-encoding/-/hex-encoding-2.0.2.tgz",
      "integrity": "sha512-NhclxbCmF1NTU9mE0GYEkUrFX5VvnfiHrzcqGbsQJcLT33rE/yqBB+U1bHDuLk86AQyN/hsr+Q/sX3jRxmarhg==",
      "dependencies": {
        "node-buffer-encoding": "^1.0.1",
        "uint8-encoding": "^2.0.0"
      }
    },
    "node_modules/int32-encoding": {
      "version": "1.0.0",
      "resolved": "https://registry.npmjs.org/int32-encoding/-/int32-encoding-1.0.0.tgz",
      "integrity": "sha512-x6oA8+BodxQSGERyh8mgILbQghjGnYcEOnjibf+rEim4wQIeTaBDW9RxDoo7I4jAHHkNV2891YEjA5JcOv2tTA=="
    },
    "node_modules/node-buffer-encoding": {
      "version": "1.0.2",
      "resolved": "https://registry.npmjs.org/node-buffer-encoding/-/node-buffer-encoding-1.0.2.tgz",
      "integrity": "sha512-v2QFjf04xWb5Q7cyzbi8qEwe2vw2xJBXT7+pMOLA02+KJZlcJ/6syFYiH96ClXKfOG/kyBeysAuewJ7zfAUYKQ=="
    },
    "node_modules/tiny-encryptor": {
      "version": "1.0.0",
      "resolved": "https://registry.npmjs.org/tiny-encryptor/-/tiny-encryptor-1.0.0.tgz",
      "integrity": "sha512-OPW51JptqadIm7iTC0dXxaZlPVxVQ4VAJb2++HBFjMMOcGAIk+UpUlEpCz/NRtjNQ3pSFSjThjShC6EqIzgcpQ==",
      "dependencies": {
        "crypto-pbkdf2-hmac": "^2.2.1",
        "crypto-random-uint8": "^2.0.0",
        "crypto-sha": "^2.1.0",
        "int32-encoding": "^1.0.0",
        "tiny-webcrypto": "^1.0.1",
        "uint8-concat": "^1.0.0",
        "uint8-encoding": "^2.0.0"
      }
    },
    "node_modules/tiny-webcrypto": {
      "version": "1.0.1",
      "resolved": "https://registry.npmjs.org/tiny-webcrypto/-/tiny-webcrypto-1.0.1.tgz",
      "integrity": "sha512-xmRCZrKqgLNfDVjj12Da9l7a/gKyqwIQ0gTIQ2p+/tbosZxFGW41QQ5C6Pwz9tiVO0OTUDh8IcBqncVHbq1RqQ=="
    },
    "node_modules/uint-rng": {
      "version": "1.2.0",
      "resolved": "https://registry.npmjs.org/uint-rng/-/uint-rng-1.2.0.tgz",
      "integrity": "sha512-ZQ+FZ7y4o0abzRjqHgSPXnC+sfpthLJI3B5zeazPh28f8l1WKTXxZfYvZrcS9RjrHDT6vFwc/KVi/1UyJC4s5A==",
      "dependencies": {
        "tiny-webcrypto": "^1.0.1"
      }
    },
    "node_modules/uint8-concat": {
      "version": "1.0.0",
      "resolved": "https://registry.npmjs.org/uint8-concat/-/uint8-concat-1.0.0.tgz",
      "integrity": "sha512-MuJSZioUpLNzzV7/aojj8EAI9OTe9yNvN2jV7bICLFkkzL1L3vARlpJkzSD8VGqhmKQglYMGgsYOQjo0qDfplg=="
    },
    "node_modules/uint8-encoding": {
      "version": "2.0.0",
      "resolved": "https://registry.npmjs.org/uint8-encoding/-/uint8-encoding-2.0.0.tgz",
      "integrity": "sha512-MQcY+mEuLoHBqAawasWrFbZx1SqUoFU/wVYNGO6lsIxczeO+cNjA1djYHQM3GWU3SaEhKTfG3Z5cE2r+zR6tNw=="
    },
    "node_modules/uint8-to-hex": {
      "version": "2.0.0",
      "resolved": "https://registry.npmjs.org/uint8-to-hex/-/uint8-to-hex-2.0.0.tgz",
      "integrity": "sha512-qtUFd8qhwWMZuoRkntbD9UUgNi/BmYR3bVPFAG8w78tGZDzrQjSGMxqL2pAHOshritIWK2fA+XxNhb1aBXURMA==",
      "dependencies": {
        "hex-encoding": "^2.0.0"
      }
    }
  }
}
